{
  "nodes": {
    "nixpkgs": {
      "locked": {
        "lastModified": 1653395196,
        "narHash": "sha256-EtSfmtrWg0vb+N+revM5fAlg7dswgb8qbwcSSCHN+1A=",
        "owner": "nixos",
        "repo": "nixpkgs",
        "rev": "6c97721a01ac68a5bd52569eb43e8dbba4ba7db3",
        "type": "github"
      },
      "original": {
        "owner": "nixos",
        "ref": "release-22.05",
        "repo": "nixpkgs",
        "type": "github"
      }
    },
    "root": {
      "inputs": {
        "nixpkgs": "nixpkgs"
      }
    }
  },
  "root": "root",
  "version": 7
}
