{
  "nodes": {
    "nixpkgs": {
      "locked": {
        "lastModified": 1654017700,
        "narHash": "sha256-nagB7/f9MvxOSEEwM2sOrX3c4ya0+TW4T+bsfhBlSks=",
        "owner": "nixos",
        "repo": "nixpkgs",
        "rev": "c7693c932ce067b0c2b5bf3d3ce2732659a45c2e",
        "type": "github"
      },
      "original": {
        "owner": "nixos",
        "ref": "release-22.05",
        "repo": "nixpkgs",
        "type": "github"
      }
    },
    "root": {
      "inputs": {
        "nixpkgs": "nixpkgs",
        "save-the-date": "save-the-date"
      }
    },
    "save-the-date": {
      "flake": false,
      "locked": {
        "lastModified": 1654022650,
        "narHash": "sha256-XDxLLbxq3eMIk7B3k8gdWDk0r3DCGbZQbCoYEQ2c5wE=",
        "ref": "main",
        "rev": "9788fc5e50955f02cbc56d5e9e4257d04a319018",
        "revCount": 20,
        "type": "git",
        "url": "ssh://git@github.com/knedlsepp/save-the-date.git"
      },
      "original": {
        "ref": "main",
        "type": "git",
        "url": "ssh://git@github.com/knedlsepp/save-the-date.git"
      }
    }
  },
  "root": "root",
  "version": 7
}
