{
  "nodes": {
    "nixpkgs": {
      "locked": {
        "lastModified": 1654017700,
        "narHash": "sha256-nagB7/f9MvxOSEEwM2sOrX3c4ya0+TW4T+bsfhBlSks=",
        "owner": "nixos",
        "repo": "nixpkgs",
        "rev": "c7693c932ce067b0c2b5bf3d3ce2732659a45c2e",
        "type": "github"
      },
      "original": {
        "owner": "nixos",
        "ref": "release-22.05",
        "repo": "nixpkgs",
        "type": "github"
      }
    },
    "root": {
      "inputs": {
        "nixpkgs": "nixpkgs",
        "save-the-date": "save-the-date"
      }
    },
    "save-the-date": {
      "flake": false,
      "locked": {
        "lastModified": 1663416454,
        "narHash": "sha256-Yyyj8l7nyS3Ibpv4hz1uPwgKsq+kWq1wUYbnpyZ3sgk=",
        "ref": "main",
        "rev": "2d149de1600b2a5275d345509ae8d27053342659",
        "revCount": 23,
        "type": "git",
        "url": "ssh://git@github.com/knedlsepp/save-the-date.git"
      },
      "original": {
        "ref": "main",
        "type": "git",
        "url": "ssh://git@github.com/knedlsepp/save-the-date.git"
      }
    }
  },
  "root": "root",
  "version": 7
}
